[[package]]
name = "dataclasses"
version = "0.8"
description = "A backport of the dataclasses module for Python 3.6"
category = "main"
optional = false
python-versions = ">=3.6, <3.7"

[[package]]
name = "pick"
version = "1.2.0"
description = "Pick an option in the terminal with a simple GUI"
category = "main"
optional = false
python-versions = ">=3.6"

[package.dependencies]
dataclasses = {version = ">=0.8,<0.9", markers = "python_version >= \"3.6\" and python_version < \"3.7\""}
windows-curses = {version = ">=2.2.0,<3.0.0", markers = "sys_platform == \"win32\""}

[[package]]
name = "windows-curses"
version = "2.3.0"
description = "Support for the standard curses module on Windows"
category = "main"
optional = false
python-versions = "*"

[metadata]
lock-version = "1.1"
python-versions = ">=3.6,<4"
content-hash = "93b5c99cb9e4087f1ea303c5fee1a222356a672a04d6fdb7f7492bbd2380f1bf"

[metadata.files]
dataclasses = [
    {file = "dataclasses-0.8-py3-none-any.whl", hash = "sha256:0201d89fa866f68c8ebd9d08ee6ff50c0b255f8ec63a71c16fda7af82bb887bf"},
    {file = "dataclasses-0.8.tar.gz", hash = "sha256:8479067f342acf957dc82ec415d355ab5edb7e7646b90dc6e2fd1d96ad084c97"},
]
pick = [
    {file = "pick-1.2.0-py3-none-any.whl", hash = "sha256:faffd2ba4c5409d22cad366b4e8892fd26ebedcd4d3fd5e98562914279208da7"},
    {file = "pick-1.2.0.tar.gz", hash = "sha256:594f96c205d75bff889f4cee40d87fe50d2a477ff937c9cf6b3a9d4feb44e7f8"},
]
windows-curses = [
    {file = "windows_curses-2.3.0-cp310-cp310-win32.whl", hash = "sha256:a3a63a0597729e10f923724c2cf972a23ea677b400d2387dee1d668cf7116177"},
    {file = "windows_curses-2.3.0-cp310-cp310-win_amd64.whl", hash = "sha256:7a35eda4cb120b9e1a5ae795f3bc06c55b92c9d391baba6be1903285a05f3551"},
    {file = "windows_curses-2.3.0-cp36-cp36m-win32.whl", hash = "sha256:4d5fb991d1b90a41c2332f02241a1f84c8a1e6bc8f6e0d26f532d0da7a9f7b51"},
    {file = "windows_curses-2.3.0-cp36-cp36m-win_amd64.whl", hash = "sha256:170c0d941c2e0cdf864e7f0441c1bdf0709232bf4aa7ce7f54d90fc76a4c0504"},
    {file = "windows_curses-2.3.0-cp37-cp37m-win32.whl", hash = "sha256:d5cde8ec6d582aa77af791eca54f60858339fb3f391945f9cad11b1ab71062e3"},
    {file = "windows_curses-2.3.0-cp37-cp37m-win_amd64.whl", hash = "sha256:e913dc121446d92b33fe4f5bcca26d3a34e4ad19f2af160370d57c3d1e93b4e1"},
    {file = "windows_curses-2.3.0-cp38-cp38-win32.whl", hash = "sha256:fbc2131cec57e422c6660e6cdb3420aff5be5169b8e45bb7c471f884b0590a2b"},
    {file = "windows_curses-2.3.0-cp38-cp38-win_amd64.whl", hash = "sha256:cc5fa913780d60f4a40824d374a4f8ca45b4e205546e83a2d85147315a57457e"},
    {file = "windows_curses-2.3.0-cp39-cp39-win32.whl", hash = "sha256:935be95cfdb9213f6f5d3d5bcd489960e3a8fbc9b574e7b2e8a3a3cc46efff49"},
    {file = "windows_curses-2.3.0-cp39-cp39-win_amd64.whl", hash = "sha256:c860f596d28377e47f322b7382be4d3573fd76d1292234996bb7f72e0bc0ed0d"},
]
